// !$*UTF8*$!
{
	archiveVersion = 1;
	classes = {
	};
	objectVersion = 46;
	objects = {

/* Begin PBXBuildFile section */
		1546C15B1A81D10C00883F8A /* MetricsManager.swift in Sources */ = {isa = PBXBuildFile; fileRef = 1546C15A1A81D10C00883F8A /* MetricsManager.swift */; };
		1546C15D1A81ED0E00883F8A /* MetricManagerViewController.swift in Sources */ = {isa = PBXBuildFile; fileRef = 1546C15C1A81ED0E00883F8A /* MetricManagerViewController.swift */; };
		154AA83E1A8951AB00A5B026 /* TutorialAddActivityViewController.swift in Sources */ = {isa = PBXBuildFile; fileRef = 154AA83D1A8951AB00A5B026 /* TutorialAddActivityViewController.swift */; };
		1550D3841A84A9C600670DD7 /* AddNoteViewController.swift in Sources */ = {isa = PBXBuildFile; fileRef = 1550D3831A84A9C600670DD7 /* AddNoteViewController.swift */; };
		156F80921A83374C00F579A3 /* trashButtonImage@3x.png in Resources */ = {isa = PBXBuildFile; fileRef = 156F80911A83374C00F579A3 /* trashButtonImage@3x.png */; };
		15BD6E2D1A87F4A7005B7929 /* TutorialQuoteViewController.swift in Sources */ = {isa = PBXBuildFile; fileRef = 15BD6E2C1A87F4A7005B7929 /* TutorialQuoteViewController.swift */; };
		6D067D431A7D7B50001B1EFF /* Quicksand-Bold.otf in Resources */ = {isa = PBXBuildFile; fileRef = 6D067D411A7D7B50001B1EFF /* Quicksand-Bold.otf */; };
		6D067D441A7D7B50001B1EFF /* Quicksand-Regular.otf in Resources */ = {isa = PBXBuildFile; fileRef = 6D067D421A7D7B50001B1EFF /* Quicksand-Regular.otf */; };
		6D067D4C1A7D94E8001B1EFF /* navShadow@3x.png in Resources */ = {isa = PBXBuildFile; fileRef = 6D067D4B1A7D94E8001B1EFF /* navShadow@3x.png */; };
		6D677B051A7CA13D00805A4D /* AppDelegate.swift in Sources */ = {isa = PBXBuildFile; fileRef = 6D677B041A7CA13D00805A4D /* AppDelegate.swift */; };
		6D677B0A1A7CA13D00805A4D /* Main.storyboard in Resources */ = {isa = PBXBuildFile; fileRef = 6D677B081A7CA13D00805A4D /* Main.storyboard */; };
		6D677B0C1A7CA13D00805A4D /* Images.xcassets in Resources */ = {isa = PBXBuildFile; fileRef = 6D677B0B1A7CA13D00805A4D /* Images.xcassets */; };
		6D677B0F1A7CA13D00805A4D /* LaunchScreen.xib in Resources */ = {isa = PBXBuildFile; fileRef = 6D677B0D1A7CA13D00805A4D /* LaunchScreen.xib */; };
		6D677B1B1A7CA13D00805A4D /* MetricTests.swift in Sources */ = {isa = PBXBuildFile; fileRef = 6D677B1A1A7CA13D00805A4D /* MetricTests.swift */; };
		6D677B251A7CA2B600805A4D /* MainListViewController.swift in Sources */ = {isa = PBXBuildFile; fileRef = 6D677B241A7CA2B600805A4D /* MainListViewController.swift */; };
		6D677B271A7CA7B500805A4D /* MainListTableViewCell.swift in Sources */ = {isa = PBXBuildFile; fileRef = 6D677B261A7CA7B500805A4D /* MainListTableViewCell.swift */; };
		6D782E071A7EC51C009C04E2 /* MetricSummaryViewController.swift in Sources */ = {isa = PBXBuildFile; fileRef = 6D782E061A7EC51C009C04E2 /* MetricSummaryViewController.swift */; };
		6D782E0B1A7ED7E0009C04E2 /* Helper.swift in Sources */ = {isa = PBXBuildFile; fileRef = 6D782E0A1A7ED7E0009C04E2 /* Helper.swift */; };
		6D782E121A815883009C04E2 /* StoreKit.framework in Frameworks */ = {isa = PBXBuildFile; fileRef = 6D782E111A815883009C04E2 /* StoreKit.framework */; };
		6D782E141A816EB3009C04E2 /* icon60@2x.png in Resources */ = {isa = PBXBuildFile; fileRef = 6D782E131A816EB3009C04E2 /* icon60@2x.png */; };
		6D896E161A8423F20031A3B8 /* edit@3x.png in Resources */ = {isa = PBXBuildFile; fileRef = 6D896E141A8423F20031A3B8 /* edit@3x.png */; };
		6D896E171A8423F20031A3B8 /* undo@3x.png in Resources */ = {isa = PBXBuildFile; fileRef = 6D896E151A8423F20031A3B8 /* undo@3x.png */; };
		6D896E191A8425690031A3B8 /* note@3x.png in Resources */ = {isa = PBXBuildFile; fileRef = 6D896E181A8425690031A3B8 /* note@3x.png */; };
		6D943C1F1A7DD892008D130B /* Model.xcdatamodeld in Sources */ = {isa = PBXBuildFile; fileRef = 6D943C1D1A7DD892008D130B /* Model.xcdatamodeld */; };
		6D943C281A7DDB0E008D130B /* Metrics.swift in Sources */ = {isa = PBXBuildFile; fileRef = 6D943C271A7DDB0E008D130B /* Metrics.swift */; };
		6D943C2A1A7DE0F0008D130B /* Metric.swift in Sources */ = {isa = PBXBuildFile; fileRef = 6D943C291A7DE0F0008D130B /* Metric.swift */; };
		6D9B14751A86D5DC008404F9 /* SummaryViewController.swift in Sources */ = {isa = PBXBuildFile; fileRef = 6D9B14741A86D5DC008404F9 /* SummaryViewController.swift */; };
		6D9B14771A86D720008404F9 /* SummaryAnalysisTableViewCell.swift in Sources */ = {isa = PBXBuildFile; fileRef = 6D9B14761A86D720008404F9 /* SummaryAnalysisTableViewCell.swift */; };
		6D9B14791A86D74D008404F9 /* SummaryGraphTableViewCell.swift in Sources */ = {isa = PBXBuildFile; fileRef = 6D9B14781A86D74D008404F9 /* SummaryGraphTableViewCell.swift */; };
		6D9B147B1A86D758008404F9 /* SummaryNoteTableViewCell.swift in Sources */ = {isa = PBXBuildFile; fileRef = 6D9B147A1A86D758008404F9 /* SummaryNoteTableViewCell.swift */; };
		6DA8469F1A89F7F6001E232E /* TutorialAddPersonViewController.swift in Sources */ = {isa = PBXBuildFile; fileRef = 15BD6E2E1A881BFC005B7929 /* TutorialAddPersonViewController.swift */; };
		6DA846A11A89F826001E232E /* CustomSlideSegue.swift in Sources */ = {isa = PBXBuildFile; fileRef = 6DA846A01A89F826001E232E /* CustomSlideSegue.swift */; };
		6DCF596F1A8715BB00EC8EE2 /* SummaryAddNoteTableViewCell.swift in Sources */ = {isa = PBXBuildFile; fileRef = 6DCF596E1A8715BB00EC8EE2 /* SummaryAddNoteTableViewCell.swift */; };
		6DCF59711A87171900EC8EE2 /* darkNote@3x.png in Resources */ = {isa = PBXBuildFile; fileRef = 6DCF59701A87171900EC8EE2 /* darkNote@3x.png */; };
		6DCF59741A871B8700EC8EE2 /* FeedbackTableViewCell.swift in Sources */ = {isa = PBXBuildFile; fileRef = 6DCF59731A871B8700EC8EE2 /* FeedbackTableViewCell.swift */; };
		6DD535B01A83515000F584FA /* botShadow@3x.png in Resources */ = {isa = PBXBuildFile; fileRef = 6DD535AF1A83515000F584FA /* botShadow@3x.png */; };
		6DD699751A889F8100D557A7 /* FeedbackViewController.swift in Sources */ = {isa = PBXBuildFile; fileRef = 6DD699741A889F8100D557A7 /* FeedbackViewController.swift */; };
/* End PBXBuildFile section */

/* Begin PBXContainerItemProxy section */
		6D677B151A7CA13D00805A4D /* PBXContainerItemProxy */ = {
			isa = PBXContainerItemProxy;
			containerPortal = 6D677AF71A7CA13D00805A4D /* Project object */;
			proxyType = 1;
			remoteGlobalIDString = 6D677AFE1A7CA13D00805A4D;
			remoteInfo = Metric;
		};
/* End PBXContainerItemProxy section */

/* Begin PBXFileReference section */
		1546C15A1A81D10C00883F8A /* MetricsManager.swift */ = {isa = PBXFileReference; fileEncoding = 4; lastKnownFileType = sourcecode.swift; path = MetricsManager.swift; sourceTree = "<group>"; };
		1546C15C1A81ED0E00883F8A /* MetricManagerViewController.swift */ = {isa = PBXFileReference; fileEncoding = 4; lastKnownFileType = sourcecode.swift; path = MetricManagerViewController.swift; sourceTree = "<group>"; };
		154AA83D1A8951AB00A5B026 /* TutorialAddActivityViewController.swift */ = {isa = PBXFileReference; fileEncoding = 4; lastKnownFileType = sourcecode.swift; path = TutorialAddActivityViewController.swift; sourceTree = "<group>"; };
		1550D3831A84A9C600670DD7 /* AddNoteViewController.swift */ = {isa = PBXFileReference; fileEncoding = 4; lastKnownFileType = sourcecode.swift; path = AddNoteViewController.swift; sourceTree = "<group>"; };
		156F80911A83374C00F579A3 /* trashButtonImage@3x.png */ = {isa = PBXFileReference; lastKnownFileType = image.png; path = "trashButtonImage@3x.png"; sourceTree = "<group>"; };
		15BD6E2C1A87F4A7005B7929 /* TutorialQuoteViewController.swift */ = {isa = PBXFileReference; fileEncoding = 4; lastKnownFileType = sourcecode.swift; path = TutorialQuoteViewController.swift; sourceTree = "<group>"; };
		15BD6E2E1A881BFC005B7929 /* TutorialAddPersonViewController.swift */ = {isa = PBXFileReference; fileEncoding = 4; lastKnownFileType = sourcecode.swift; path = TutorialAddPersonViewController.swift; sourceTree = "<group>"; };
		6D067D411A7D7B50001B1EFF /* Quicksand-Bold.otf */ = {isa = PBXFileReference; lastKnownFileType = file; path = "Quicksand-Bold.otf"; sourceTree = "<group>"; };
		6D067D421A7D7B50001B1EFF /* Quicksand-Regular.otf */ = {isa = PBXFileReference; lastKnownFileType = file; path = "Quicksand-Regular.otf"; sourceTree = "<group>"; };
		6D067D4B1A7D94E8001B1EFF /* navShadow@3x.png */ = {isa = PBXFileReference; lastKnownFileType = image.png; path = "navShadow@3x.png"; sourceTree = "<group>"; };
		6D677AFF1A7CA13D00805A4D /* Metric.app */ = {isa = PBXFileReference; explicitFileType = wrapper.application; includeInIndex = 0; path = Metric.app; sourceTree = BUILT_PRODUCTS_DIR; };
		6D677B031A7CA13D00805A4D /* Info.plist */ = {isa = PBXFileReference; lastKnownFileType = text.plist.xml; path = Info.plist; sourceTree = "<group>"; };
		6D677B041A7CA13D00805A4D /* AppDelegate.swift */ = {isa = PBXFileReference; lastKnownFileType = sourcecode.swift; path = AppDelegate.swift; sourceTree = "<group>"; };
		6D677B091A7CA13D00805A4D /* Base */ = {isa = PBXFileReference; lastKnownFileType = file.storyboard; name = Base; path = Base.lproj/Main.storyboard; sourceTree = "<group>"; };
		6D677B0B1A7CA13D00805A4D /* Images.xcassets */ = {isa = PBXFileReference; lastKnownFileType = folder.assetcatalog; path = Images.xcassets; sourceTree = "<group>"; };
		6D677B0E1A7CA13D00805A4D /* Base */ = {isa = PBXFileReference; lastKnownFileType = file.xib; name = Base; path = Base.lproj/LaunchScreen.xib; sourceTree = "<group>"; };
		6D677B141A7CA13D00805A4D /* MetricTests.xctest */ = {isa = PBXFileReference; explicitFileType = wrapper.cfbundle; includeInIndex = 0; path = MetricTests.xctest; sourceTree = BUILT_PRODUCTS_DIR; };
		6D677B191A7CA13D00805A4D /* Info.plist */ = {isa = PBXFileReference; lastKnownFileType = text.plist.xml; path = Info.plist; sourceTree = "<group>"; };
		6D677B1A1A7CA13D00805A4D /* MetricTests.swift */ = {isa = PBXFileReference; lastKnownFileType = sourcecode.swift; path = MetricTests.swift; sourceTree = "<group>"; };
		6D677B241A7CA2B600805A4D /* MainListViewController.swift */ = {isa = PBXFileReference; fileEncoding = 4; lastKnownFileType = sourcecode.swift; path = MainListViewController.swift; sourceTree = "<group>"; };
		6D677B261A7CA7B500805A4D /* MainListTableViewCell.swift */ = {isa = PBXFileReference; fileEncoding = 4; lastKnownFileType = sourcecode.swift; path = MainListTableViewCell.swift; sourceTree = "<group>"; };
		6D782E061A7EC51C009C04E2 /* MetricSummaryViewController.swift */ = {isa = PBXFileReference; fileEncoding = 4; lastKnownFileType = sourcecode.swift; path = MetricSummaryViewController.swift; sourceTree = "<group>"; };
		6D782E0A1A7ED7E0009C04E2 /* Helper.swift */ = {isa = PBXFileReference; fileEncoding = 4; lastKnownFileType = sourcecode.swift; path = Helper.swift; sourceTree = "<group>"; };
		6D782E101A815881009C04E2 /* Metric.entitlements */ = {isa = PBXFileReference; lastKnownFileType = text.xml; path = Metric.entitlements; sourceTree = "<group>"; };
		6D782E111A815883009C04E2 /* StoreKit.framework */ = {isa = PBXFileReference; lastKnownFileType = wrapper.framework; name = StoreKit.framework; path = System/Library/Frameworks/StoreKit.framework; sourceTree = SDKROOT; };
		6D782E131A816EB3009C04E2 /* icon60@2x.png */ = {isa = PBXFileReference; lastKnownFileType = image.png; path = "icon60@2x.png"; sourceTree = "<group>"; };
		6D896E141A8423F20031A3B8 /* edit@3x.png */ = {isa = PBXFileReference; lastKnownFileType = image.png; path = "edit@3x.png"; sourceTree = "<group>"; };
		6D896E151A8423F20031A3B8 /* undo@3x.png */ = {isa = PBXFileReference; lastKnownFileType = image.png; path = "undo@3x.png"; sourceTree = "<group>"; };
		6D896E181A8425690031A3B8 /* note@3x.png */ = {isa = PBXFileReference; lastKnownFileType = image.png; path = "note@3x.png"; sourceTree = "<group>"; };
		6D943C1E1A7DD892008D130B /* Model.xcdatamodel */ = {isa = PBXFileReference; lastKnownFileType = wrapper.xcdatamodel; path = Model.xcdatamodel; sourceTree = "<group>"; };
		6D943C231A7DDAEB008D130B /* Metric-Bridging-Header.h */ = {isa = PBXFileReference; lastKnownFileType = sourcecode.c.h; path = "Metric-Bridging-Header.h"; sourceTree = "<group>"; };
		6D943C271A7DDB0E008D130B /* Metrics.swift */ = {isa = PBXFileReference; fileEncoding = 4; lastKnownFileType = sourcecode.swift; path = Metrics.swift; sourceTree = "<group>"; };
		6D943C291A7DE0F0008D130B /* Metric.swift */ = {isa = PBXFileReference; fileEncoding = 4; lastKnownFileType = sourcecode.swift; path = Metric.swift; sourceTree = "<group>"; };
		6D9B14741A86D5DC008404F9 /* SummaryViewController.swift */ = {isa = PBXFileReference; fileEncoding = 4; lastKnownFileType = sourcecode.swift; path = SummaryViewController.swift; sourceTree = "<group>"; };
		6D9B14761A86D720008404F9 /* SummaryAnalysisTableViewCell.swift */ = {isa = PBXFileReference; fileEncoding = 4; lastKnownFileType = sourcecode.swift; path = SummaryAnalysisTableViewCell.swift; sourceTree = "<group>"; };
		6D9B14781A86D74D008404F9 /* SummaryGraphTableViewCell.swift */ = {isa = PBXFileReference; fileEncoding = 4; lastKnownFileType = sourcecode.swift; path = SummaryGraphTableViewCell.swift; sourceTree = "<group>"; };
		6D9B147A1A86D758008404F9 /* SummaryNoteTableViewCell.swift */ = {isa = PBXFileReference; fileEncoding = 4; lastKnownFileType = sourcecode.swift; path = SummaryNoteTableViewCell.swift; sourceTree = "<group>"; };
		6DA846A01A89F826001E232E /* CustomSlideSegue.swift */ = {isa = PBXFileReference; fileEncoding = 4; lastKnownFileType = sourcecode.swift; path = CustomSlideSegue.swift; sourceTree = "<group>"; };
		6DCF596E1A8715BB00EC8EE2 /* SummaryAddNoteTableViewCell.swift */ = {isa = PBXFileReference; fileEncoding = 4; lastKnownFileType = sourcecode.swift; path = SummaryAddNoteTableViewCell.swift; sourceTree = "<group>"; };
		6DCF59701A87171900EC8EE2 /* darkNote@3x.png */ = {isa = PBXFileReference; lastKnownFileType = image.png; path = "darkNote@3x.png"; sourceTree = "<group>"; };
		6DCF59731A871B8700EC8EE2 /* FeedbackTableViewCell.swift */ = {isa = PBXFileReference; fileEncoding = 4; lastKnownFileType = sourcecode.swift; path = FeedbackTableViewCell.swift; sourceTree = "<group>"; };
		6DD535AF1A83515000F584FA /* botShadow@3x.png */ = {isa = PBXFileReference; lastKnownFileType = image.png; path = "botShadow@3x.png"; sourceTree = "<group>"; };
		6DD699741A889F8100D557A7 /* FeedbackViewController.swift */ = {isa = PBXFileReference; fileEncoding = 4; lastKnownFileType = sourcecode.swift; path = FeedbackViewController.swift; sourceTree = "<group>"; };
/* End PBXFileReference section */

/* Begin PBXFrameworksBuildPhase section */
		6D677AFC1A7CA13D00805A4D /* Frameworks */ = {
			isa = PBXFrameworksBuildPhase;
			buildActionMask = 2147483647;
			files = (
				6D782E121A815883009C04E2 /* StoreKit.framework in Frameworks */,
			);
			runOnlyForDeploymentPostprocessing = 0;
		};
		6D677B111A7CA13D00805A4D /* Frameworks */ = {
			isa = PBXFrameworksBuildPhase;
			buildActionMask = 2147483647;
			files = (
			);
			runOnlyForDeploymentPostprocessing = 0;
		};
/* End PBXFrameworksBuildPhase section */

/* Begin PBXGroup section */
		6D677AF61A7CA13D00805A4D = {
			isa = PBXGroup;
			children = (
				6D782E111A815883009C04E2 /* StoreKit.framework */,
				6D943C271A7DDB0E008D130B /* Metrics.swift */,
				6D677B011A7CA13D00805A4D /* Metric */,
				6D677B171A7CA13D00805A4D /* MetricTests */,
				6D677B001A7CA13D00805A4D /* Products */,
				6D943C231A7DDAEB008D130B /* Metric-Bridging-Header.h */,
			);
			sourceTree = "<group>";
		};
		6D677B001A7CA13D00805A4D /* Products */ = {
			isa = PBXGroup;
			children = (
				6D677AFF1A7CA13D00805A4D /* Metric.app */,
				6D677B141A7CA13D00805A4D /* MetricTests.xctest */,
			);
			name = Products;
			sourceTree = "<group>";
		};
		6D677B011A7CA13D00805A4D /* Metric */ = {
			isa = PBXGroup;
			children = (
				6D782E101A815881009C04E2 /* Metric.entitlements */,
				6D677B041A7CA13D00805A4D /* AppDelegate.swift */,
				6D943C1D1A7DD892008D130B /* Model.xcdatamodeld */,
				6D943C291A7DE0F0008D130B /* Metric.swift */,
				1546C15A1A81D10C00883F8A /* MetricsManager.swift */,
				1546C15C1A81ED0E00883F8A /* MetricManagerViewController.swift */,
				6D782E0A1A7ED7E0009C04E2 /* Helper.swift */,
				6D677B241A7CA2B600805A4D /* MainListViewController.swift */,
				6D782E061A7EC51C009C04E2 /* MetricSummaryViewController.swift */,
				6D9B14741A86D5DC008404F9 /* SummaryViewController.swift */,
				1550D3831A84A9C600670DD7 /* AddNoteViewController.swift */,
				6DD699741A889F8100D557A7 /* FeedbackViewController.swift */,
				6DA846A01A89F826001E232E /* CustomSlideSegue.swift */,
				6D677B081A7CA13D00805A4D /* Main.storyboard */,
				154AA83D1A8951AB00A5B026 /* TutorialAddActivityViewController.swift */,
				15BD6E2E1A881BFC005B7929 /* TutorialAddPersonViewController.swift */,
				15BD6E2C1A87F4A7005B7929 /* TutorialQuoteViewController.swift */,
				6D677B0B1A7CA13D00805A4D /* Images.xcassets */,
				6DCF59721A8719E100EC8EE2 /* Custom TableViewCells */,
				6D677B021A7CA13D00805A4D /* Supporting Files */,
			);
			path = Metric;
			sourceTree = "<group>";
		};
		6D677B021A7CA13D00805A4D /* Supporting Files */ = {
			isa = PBXGroup;
			children = (
				6D677B0D1A7CA13D00805A4D /* LaunchScreen.xib */,
				6DD535AF1A83515000F584FA /* botShadow@3x.png */,
				6D896E1A1A84256E0031A3B8 /* Icons */,
				6D782E131A816EB3009C04E2 /* icon60@2x.png */,
				6D067D411A7D7B50001B1EFF /* Quicksand-Bold.otf */,
				6D067D421A7D7B50001B1EFF /* Quicksand-Regular.otf */,
				6D067D4B1A7D94E8001B1EFF /* navShadow@3x.png */,
				6D677B031A7CA13D00805A4D /* Info.plist */,
			);
			name = "Supporting Files";
			sourceTree = "<group>";
		};
		6D677B171A7CA13D00805A4D /* MetricTests */ = {
			isa = PBXGroup;
			children = (
				6D677B1A1A7CA13D00805A4D /* MetricTests.swift */,
				6D677B181A7CA13D00805A4D /* Supporting Files */,
			);
			path = MetricTests;
			sourceTree = "<group>";
		};
		6D677B181A7CA13D00805A4D /* Supporting Files */ = {
			isa = PBXGroup;
			children = (
				6D677B191A7CA13D00805A4D /* Info.plist */,
			);
			name = "Supporting Files";
			sourceTree = "<group>";
		};
		6D896E1A1A84256E0031A3B8 /* Icons */ = {
			isa = PBXGroup;
			children = (
				6DCF59701A87171900EC8EE2 /* darkNote@3x.png */,
				156F80911A83374C00F579A3 /* trashButtonImage@3x.png */,
				6D896E141A8423F20031A3B8 /* edit@3x.png */,
				6D896E151A8423F20031A3B8 /* undo@3x.png */,
				6D896E181A8425690031A3B8 /* note@3x.png */,
			);
			name = Icons;
			sourceTree = "<group>";
		};
		6DCF59721A8719E100EC8EE2 /* Custom TableViewCells */ = {
			isa = PBXGroup;
			children = (
				6D677B261A7CA7B500805A4D /* MainListTableViewCell.swift */,
				6D9B14761A86D720008404F9 /* SummaryAnalysisTableViewCell.swift */,
				6D9B14781A86D74D008404F9 /* SummaryGraphTableViewCell.swift */,
				6D9B147A1A86D758008404F9 /* SummaryNoteTableViewCell.swift */,
				6DCF596E1A8715BB00EC8EE2 /* SummaryAddNoteTableViewCell.swift */,
				6DCF59731A871B8700EC8EE2 /* FeedbackTableViewCell.swift */,
			);
			name = "Custom TableViewCells";
			sourceTree = "<group>";
		};
/* End PBXGroup section */

/* Begin PBXNativeTarget section */
		6D677AFE1A7CA13D00805A4D /* Metric */ = {
			isa = PBXNativeTarget;
			buildConfigurationList = 6D677B1E1A7CA13D00805A4D /* Build configuration list for PBXNativeTarget "Metric" */;
			buildPhases = (
				6D677AFB1A7CA13D00805A4D /* Sources */,
				6D677AFC1A7CA13D00805A4D /* Frameworks */,
				6D677AFD1A7CA13D00805A4D /* Resources */,
			);
			buildRules = (
			);
			dependencies = (
			);
			name = Metric;
			productName = Metric;
			productReference = 6D677AFF1A7CA13D00805A4D /* Metric.app */;
			productType = "com.apple.product-type.application";
		};
		6D677B131A7CA13D00805A4D /* MetricTests */ = {
			isa = PBXNativeTarget;
			buildConfigurationList = 6D677B211A7CA13D00805A4D /* Build configuration list for PBXNativeTarget "MetricTests" */;
			buildPhases = (
				6D677B101A7CA13D00805A4D /* Sources */,
				6D677B111A7CA13D00805A4D /* Frameworks */,
				6D677B121A7CA13D00805A4D /* Resources */,
			);
			buildRules = (
			);
			dependencies = (
				6D677B161A7CA13D00805A4D /* PBXTargetDependency */,
			);
			name = MetricTests;
			productName = MetricTests;
			productReference = 6D677B141A7CA13D00805A4D /* MetricTests.xctest */;
			productType = "com.apple.product-type.bundle.unit-test";
		};
/* End PBXNativeTarget section */

/* Begin PBXProject section */
		6D677AF71A7CA13D00805A4D /* Project object */ = {
			isa = PBXProject;
			attributes = {
				LastUpgradeCheck = 0610;
				ORGANIZATIONNAME = "Max Hudson";
				TargetAttributes = {
					6D677AFE1A7CA13D00805A4D = {
						CreatedOnToolsVersion = 6.1.1;
						DevelopmentTeam = 3HTQ3XN55R;
						SystemCapabilities = {
							com.apple.InAppPurchase = {
								enabled = 1;
							};
							com.apple.iCloud = {
								enabled = 1;
							};
						};
					};
					6D677B131A7CA13D00805A4D = {
						CreatedOnToolsVersion = 6.1.1;
						DevelopmentTeam = 3HTQ3XN55R;
						TestTargetID = 6D677AFE1A7CA13D00805A4D;
					};
				};
			};
			buildConfigurationList = 6D677AFA1A7CA13D00805A4D /* Build configuration list for PBXProject "Metric" */;
			compatibilityVersion = "Xcode 3.2";
			developmentRegion = English;
			hasScannedForEncodings = 0;
			knownRegions = (
				en,
				Base,
			);
			mainGroup = 6D677AF61A7CA13D00805A4D;
			productRefGroup = 6D677B001A7CA13D00805A4D /* Products */;
			projectDirPath = "";
			projectRoot = "";
			targets = (
				6D677AFE1A7CA13D00805A4D /* Metric */,
				6D677B131A7CA13D00805A4D /* MetricTests */,
			);
		};
/* End PBXProject section */

/* Begin PBXResourcesBuildPhase section */
		6D677AFD1A7CA13D00805A4D /* Resources */ = {
			isa = PBXResourcesBuildPhase;
			buildActionMask = 2147483647;
			files = (
				6D782E141A816EB3009C04E2 /* icon60@2x.png in Resources */,
				6D896E161A8423F20031A3B8 /* edit@3x.png in Resources */,
				6D896E171A8423F20031A3B8 /* undo@3x.png in Resources */,
				6DD535B01A83515000F584FA /* botShadow@3x.png in Resources */,
				6D677B0A1A7CA13D00805A4D /* Main.storyboard in Resources */,
				6D677B0F1A7CA13D00805A4D /* LaunchScreen.xib in Resources */,
				6D067D431A7D7B50001B1EFF /* Quicksand-Bold.otf in Resources */,
				6D896E191A8425690031A3B8 /* note@3x.png in Resources */,
				6D677B0C1A7CA13D00805A4D /* Images.xcassets in Resources */,
				6DCF59711A87171900EC8EE2 /* darkNote@3x.png in Resources */,
				156F80921A83374C00F579A3 /* trashButtonImage@3x.png in Resources */,
				6D067D441A7D7B50001B1EFF /* Quicksand-Regular.otf in Resources */,
				6D067D4C1A7D94E8001B1EFF /* navShadow@3x.png in Resources */,
			);
			runOnlyForDeploymentPostprocessing = 0;
		};
		6D677B121A7CA13D00805A4D /* Resources */ = {
			isa = PBXResourcesBuildPhase;
			buildActionMask = 2147483647;
			files = (
			);
			runOnlyForDeploymentPostprocessing = 0;
		};
/* End PBXResourcesBuildPhase section */

/* Begin PBXSourcesBuildPhase section */
		6D677AFB1A7CA13D00805A4D /* Sources */ = {
			isa = PBXSourcesBuildPhase;
			buildActionMask = 2147483647;
			files = (
				6DA8469F1A89F7F6001E232E /* TutorialAddPersonViewController.swift in Sources */,
				1550D3841A84A9C600670DD7 /* AddNoteViewController.swift in Sources */,
				6D677B251A7CA2B600805A4D /* MainListViewController.swift in Sources */,
				6D943C281A7DDB0E008D130B /* Metrics.swift in Sources */,
				6D943C1F1A7DD892008D130B /* Model.xcdatamodeld in Sources */,
				6DCF596F1A8715BB00EC8EE2 /* SummaryAddNoteTableViewCell.swift in Sources */,
				1546C15B1A81D10C00883F8A /* MetricsManager.swift in Sources */,
				6D9B14771A86D720008404F9 /* SummaryAnalysisTableViewCell.swift in Sources */,
				6DD699751A889F8100D557A7 /* FeedbackViewController.swift in Sources */,
				6D677B271A7CA7B500805A4D /* MainListTableViewCell.swift in Sources */,
				15BD6E2D1A87F4A7005B7929 /* TutorialQuoteViewController.swift in Sources */,
				6D9B14791A86D74D008404F9 /* SummaryGraphTableViewCell.swift in Sources */,
				6D782E0B1A7ED7E0009C04E2 /* Helper.swift in Sources */,
				1546C15D1A81ED0E00883F8A /* MetricManagerViewController.swift in Sources */,
				6DCF59741A871B8700EC8EE2 /* FeedbackTableViewCell.swift in Sources */,
				6D943C2A1A7DE0F0008D130B /* Metric.swift in Sources */,
				6D9B147B1A86D758008404F9 /* SummaryNoteTableViewCell.swift in Sources */,
				6D677B051A7CA13D00805A4D /* AppDelegate.swift in Sources */,
				6D782E071A7EC51C009C04E2 /* MetricSummaryViewController.swift in Sources */,
				6D9B14751A86D5DC008404F9 /* SummaryViewController.swift in Sources */,
				6DA846A11A89F826001E232E /* CustomSlideSegue.swift in Sources */,
				154AA83E1A8951AB00A5B026 /* TutorialAddActivityViewController.swift in Sources */,
			);
			runOnlyForDeploymentPostprocessing = 0;
		};
		6D677B101A7CA13D00805A4D /* Sources */ = {
			isa = PBXSourcesBuildPhase;
			buildActionMask = 2147483647;
			files = (
				6D677B1B1A7CA13D00805A4D /* MetricTests.swift in Sources */,
			);
			runOnlyForDeploymentPostprocessing = 0;
		};
/* End PBXSourcesBuildPhase section */

/* Begin PBXTargetDependency section */
		6D677B161A7CA13D00805A4D /* PBXTargetDependency */ = {
			isa = PBXTargetDependency;
			target = 6D677AFE1A7CA13D00805A4D /* Metric */;
			targetProxy = 6D677B151A7CA13D00805A4D /* PBXContainerItemProxy */;
		};
/* End PBXTargetDependency section */

/* Begin PBXVariantGroup section */
		6D677B081A7CA13D00805A4D /* Main.storyboard */ = {
			isa = PBXVariantGroup;
			children = (
				6D677B091A7CA13D00805A4D /* Base */,
			);
			name = Main.storyboard;
			sourceTree = "<group>";
		};
		6D677B0D1A7CA13D00805A4D /* LaunchScreen.xib */ = {
			isa = PBXVariantGroup;
			children = (
				6D677B0E1A7CA13D00805A4D /* Base */,
			);
			name = LaunchScreen.xib;
			sourceTree = "<group>";
		};
/* End PBXVariantGroup section */

/* Begin XCBuildConfiguration section */
		6D677B1C1A7CA13D00805A4D /* Debug */ = {
			isa = XCBuildConfiguration;
			buildSettings = {
				ALWAYS_SEARCH_USER_PATHS = NO;
				CLANG_CXX_LANGUAGE_STANDARD = "gnu++0x";
				CLANG_CXX_LIBRARY = "libc++";
				CLANG_ENABLE_MODULES = YES;
				CLANG_ENABLE_OBJC_ARC = YES;
				CLANG_WARN_BOOL_CONVERSION = YES;
				CLANG_WARN_CONSTANT_CONVERSION = YES;
				CLANG_WARN_DIRECT_OBJC_ISA_USAGE = YES_ERROR;
				CLANG_WARN_EMPTY_BODY = YES;
				CLANG_WARN_ENUM_CONVERSION = YES;
				CLANG_WARN_INT_CONVERSION = YES;
				CLANG_WARN_OBJC_ROOT_CLASS = YES_ERROR;
				CLANG_WARN_UNREACHABLE_CODE = YES;
				CLANG_WARN__DUPLICATE_METHOD_MATCH = YES;
				"CODE_SIGN_IDENTITY[sdk=iphoneos*]" = "iPhone Developer";
				COPY_PHASE_STRIP = NO;
				ENABLE_STRICT_OBJC_MSGSEND = YES;
				GCC_C_LANGUAGE_STANDARD = gnu99;
				GCC_DYNAMIC_NO_PIC = NO;
				GCC_OPTIMIZATION_LEVEL = 0;
				GCC_PREPROCESSOR_DEFINITIONS = (
					"DEBUG=1",
					"$(inherited)",
				);
				GCC_SYMBOLS_PRIVATE_EXTERN = NO;
				GCC_WARN_64_TO_32_BIT_CONVERSION = YES;
				GCC_WARN_ABOUT_RETURN_TYPE = YES_ERROR;
				GCC_WARN_UNDECLARED_SELECTOR = YES;
				GCC_WARN_UNINITIALIZED_AUTOS = YES_AGGRESSIVE;
				GCC_WARN_UNUSED_FUNCTION = YES;
				GCC_WARN_UNUSED_VARIABLE = YES;
				IPHONEOS_DEPLOYMENT_TARGET = 8.1;
				MTL_ENABLE_DEBUG_INFO = YES;
				ONLY_ACTIVE_ARCH = YES;
				SDKROOT = iphoneos;
				SWIFT_OPTIMIZATION_LEVEL = "-Onone";
			};
			name = Debug;
		};
		6D677B1D1A7CA13D00805A4D /* Release */ = {
			isa = XCBuildConfiguration;
			buildSettings = {
				ALWAYS_SEARCH_USER_PATHS = NO;
				CLANG_CXX_LANGUAGE_STANDARD = "gnu++0x";
				CLANG_CXX_LIBRARY = "libc++";
				CLANG_ENABLE_MODULES = YES;
				CLANG_ENABLE_OBJC_ARC = YES;
				CLANG_WARN_BOOL_CONVERSION = YES;
				CLANG_WARN_CONSTANT_CONVERSION = YES;
				CLANG_WARN_DIRECT_OBJC_ISA_USAGE = YES_ERROR;
				CLANG_WARN_EMPTY_BODY = YES;
				CLANG_WARN_ENUM_CONVERSION = YES;
				CLANG_WARN_INT_CONVERSION = YES;
				CLANG_WARN_OBJC_ROOT_CLASS = YES_ERROR;
				CLANG_WARN_UNREACHABLE_CODE = YES;
				CLANG_WARN__DUPLICATE_METHOD_MATCH = YES;
				"CODE_SIGN_IDENTITY[sdk=iphoneos*]" = "iPhone Developer";
				COPY_PHASE_STRIP = YES;
				ENABLE_NS_ASSERTIONS = NO;
				ENABLE_STRICT_OBJC_MSGSEND = YES;
				GCC_C_LANGUAGE_STANDARD = gnu99;
				GCC_WARN_64_TO_32_BIT_CONVERSION = YES;
				GCC_WARN_ABOUT_RETURN_TYPE = YES_ERROR;
				GCC_WARN_UNDECLARED_SELECTOR = YES;
				GCC_WARN_UNINITIALIZED_AUTOS = YES_AGGRESSIVE;
				GCC_WARN_UNUSED_FUNCTION = YES;
				GCC_WARN_UNUSED_VARIABLE = YES;
				IPHONEOS_DEPLOYMENT_TARGET = 8.1;
				MTL_ENABLE_DEBUG_INFO = NO;
				SDKROOT = iphoneos;
				VALIDATE_PRODUCT = YES;
			};
			name = Release;
		};
		6D677B1F1A7CA13D00805A4D /* Debug */ = {
			isa = XCBuildConfiguration;
			buildSettings = {
				ASSETCATALOG_COMPILER_APPICON_NAME = AppIcon;
				ASSETCATALOG_COMPILER_LAUNCHIMAGE_NAME = LaunchImage;
				CLANG_ENABLE_MODULES = YES;
				CODE_SIGN_ENTITLEMENTS = Metric/Metric.entitlements;
				CODE_SIGN_IDENTITY = "iPhone Developer";
				"CODE_SIGN_IDENTITY[sdk=iphoneos*]" = "iPhone Developer";
				INFOPLIST_FILE = Metric/Info.plist;
				IPHONEOS_DEPLOYMENT_TARGET = 8.0;
				LD_RUNPATH_SEARCH_PATHS = "$(inherited) @executable_path/Frameworks";
				PRODUCT_NAME = "$(TARGET_NAME)";
				PROVISIONING_PROFILE = "";
				SWIFT_OBJC_BRIDGING_HEADER = "Metric-Bridging-Header.h";
				SWIFT_OPTIMIZATION_LEVEL = "-Onone";
			};
			name = Debug;
		};
		6D677B201A7CA13D00805A4D /* Release */ = {
			isa = XCBuildConfiguration;
			buildSettings = {
				ASSETCATALOG_COMPILER_APPICON_NAME = AppIcon;
				ASSETCATALOG_COMPILER_LAUNCHIMAGE_NAME = LaunchImage;
				CLANG_ENABLE_MODULES = YES;
				CODE_SIGN_ENTITLEMENTS = Metric/Metric.entitlements;
				CODE_SIGN_IDENTITY = "iPhone Developer";
				"CODE_SIGN_IDENTITY[sdk=iphoneos*]" = "iPhone Developer";
				INFOPLIST_FILE = Metric/Info.plist;
				IPHONEOS_DEPLOYMENT_TARGET = 8.0;
				LD_RUNPATH_SEARCH_PATHS = "$(inherited) @executable_path/Frameworks";
				PRODUCT_NAME = "$(TARGET_NAME)";
				PROVISIONING_PROFILE = "";
				SWIFT_OBJC_BRIDGING_HEADER = "Metric-Bridging-Header.h";
			};
			name = Release;
		};
		6D677B221A7CA13D00805A4D /* Debug */ = {
			isa = XCBuildConfiguration;
			buildSettings = {
				BUNDLE_LOADER = "$(TEST_HOST)";
				FRAMEWORK_SEARCH_PATHS = (
					"$(SDKROOT)/Developer/Library/Frameworks",
					"$(inherited)",
				);
				GCC_PREPROCESSOR_DEFINITIONS = (
					"DEBUG=1",
					"$(inherited)",
				);
				INFOPLIST_FILE = MetricTests/Info.plist;
				LD_RUNPATH_SEARCH_PATHS = "$(inherited) @executable_path/Frameworks @loader_path/Frameworks";
				PRODUCT_NAME = "$(TARGET_NAME)";
				TEST_HOST = "$(BUILT_PRODUCTS_DIR)/Metric.app/Metric";
			};
			name = Debug;
		};
		6D677B231A7CA13D00805A4D /* Release */ = {
			isa = XCBuildConfiguration;
			buildSettings = {
				BUNDLE_LOADER = "$(TEST_HOST)";
				FRAMEWORK_SEARCH_PATHS = (
					"$(SDKROOT)/Developer/Library/Frameworks",
					"$(inherited)",
				);
				INFOPLIST_FILE = MetricTests/Info.plist;
				LD_RUNPATH_SEARCH_PATHS = "$(inherited) @executable_path/Frameworks @loader_path/Frameworks";
				PRODUCT_NAME = "$(TARGET_NAME)";
				TEST_HOST = "$(BUILT_PRODUCTS_DIR)/Metric.app/Metric";
			};
			name = Release;
		};
/* End XCBuildConfiguration section */

/* Begin XCConfigurationList section */
		6D677AFA1A7CA13D00805A4D /* Build configuration list for PBXProject "Metric" */ = {
			isa = XCConfigurationList;
			buildConfigurations = (
				6D677B1C1A7CA13D00805A4D /* Debug */,
				6D677B1D1A7CA13D00805A4D /* Release */,
			);
			defaultConfigurationIsVisible = 0;
			defaultConfigurationName = Release;
		};
		6D677B1E1A7CA13D00805A4D /* Build configuration list for PBXNativeTarget "Metric" */ = {
			isa = XCConfigurationList;
			buildConfigurations = (
				6D677B1F1A7CA13D00805A4D /* Debug */,
				6D677B201A7CA13D00805A4D /* Release */,
			);
			defaultConfigurationIsVisible = 0;
			defaultConfigurationName = Release;
		};
		6D677B211A7CA13D00805A4D /* Build configuration list for PBXNativeTarget "MetricTests" */ = {
			isa = XCConfigurationList;
			buildConfigurations = (
				6D677B221A7CA13D00805A4D /* Debug */,
				6D677B231A7CA13D00805A4D /* Release */,
			);
			defaultConfigurationIsVisible = 0;
			defaultConfigurationName = Release;
		};
/* End XCConfigurationList section */

/* Begin XCVersionGroup section */
		6D943C1D1A7DD892008D130B /* Model.xcdatamodeld */ = {
			isa = XCVersionGroup;
			children = (
				6D943C1E1A7DD892008D130B /* Model.xcdatamodel */,
			);
			currentVersion = 6D943C1E1A7DD892008D130B /* Model.xcdatamodel */;
			path = Model.xcdatamodeld;
			sourceTree = "<group>";
			versionGroupType = wrapper.xcdatamodel;
		};
/* End XCVersionGroup section */
	};
	rootObject = 6D677AF71A7CA13D00805A4D /* Project object */;
}
